
Microsoft Visual Studio Solution File, Format Version 12.00
# Visual Studio Version 17
VisualStudioVersion = 17.8.34316.72
MinimumVisualStudioVersion = 10.0.40219.1
Project("{9A19103F-16F7-4668-BE54-9A1E7A4F7556}") = "BookingServices", "BookingServices\BookingServices.csproj", "{BDB0E55F-B52D-4116-83A1-F62833C286EA}"
EndProject
Project("{FAE04EC0-301F-11D3-BF4B-00C04F79EFBC}") = "BookingApi.Test", "BookingApi\BookingApi.Test.csproj", "{D21DB1CC-54BA-44A9-927B-1AC074DCA6D9}"
EndProject
Global
	GlobalSection(SolutionConfigurationPlatforms) = preSolution
		Debug|Any CPU = Debug|Any CPU
		Release|Any CPU = Release|Any CPU
	EndGlobalSection
	GlobalSection(ProjectConfigurationPlatforms) = postSolution
		{BDB0E55F-B52D-4116-83A1-F62833C286EA}.Debug|Any CPU.ActiveCfg = Debug|Any CPU
		{BDB0E55F-B52D-4116-83A1-F62833C286EA}.Debug|Any CPU.Build.0 = Debug|Any CPU
		{BDB0E55F-B52D-4116-83A1-F62833C286EA}.Release|Any CPU.ActiveCfg = Release|Any CPU
		{BDB0E55F-B52D-4116-83A1-F62833C286EA}.Release|Any CPU.Build.0 = Release|Any CPU
		{D21DB1CC-54BA-44A9-927B-1AC074DCA6D9}.Debug|Any CPU.ActiveCfg = Debug|Any CPU
		{D21DB1CC-54BA-44A9-927B-1AC074DCA6D9}.Debug|Any CPU.Build.0 = Debug|Any CPU
		{D21DB1CC-54BA-44A9-927B-1AC074DCA6D9}.Release|Any CPU.ActiveCfg = Release|Any CPU
		{D21DB1CC-54BA-44A9-927B-1AC074DCA6D9}.Release|Any CPU.Build.0 = Release|Any CPU
	EndGlobalSection
	GlobalSection(SolutionProperties) = preSolution
		HideSolutionNode = FALSE
	EndGlobalSection
	GlobalSection(ExtensibilityGlobals) = postSolution
		SolutionGuid = {D6499CAD-6097-4142-BCE7-CA39663657B7}
	EndGlobalSection
EndGlobal
